
Microsoft Visual Studio Solution File, Format Version 12.00
# Visual Studio Version 16
VisualStudioVersion = 16.0.32126.315
MinimumVisualStudioVersion = 10.0.40219.1
Project("{8BC9CEB8-8B4A-11D0-8D11-00A0C91BC942}") = "function69.5", "function69.5\function69.5.vcxproj", "{35465448-ADF7-44FF-B809-FA5026017CA3}"
EndProject
Global
	GlobalSection(SolutionConfigurationPlatforms) = preSolution
		Debug|x64 = Debug|x64
		Debug|x86 = Debug|x86
		Release|x64 = Release|x64
		Release|x86 = Release|x86
	EndGlobalSection
	GlobalSection(ProjectConfigurationPlatforms) = postSolution
		{35465448-ADF7-44FF-B809-FA5026017CA3}.Debug|x64.ActiveCfg = Debug|x64
		{35465448-ADF7-44FF-B809-FA5026017CA3}.Debug|x64.Build.0 = Debug|x64
		{35465448-ADF7-44FF-B809-FA5026017CA3}.Debug|x86.ActiveCfg = Debug|Win32
		{35465448-ADF7-44FF-B809-FA5026017CA3}.Debug|x86.Build.0 = Debug|Win32
		{35465448-ADF7-44FF-B809-FA5026017CA3}.Release|x64.ActiveCfg = Release|x64
		{35465448-ADF7-44FF-B809-FA5026017CA3}.Release|x64.Build.0 = Release|x64
		{35465448-ADF7-44FF-B809-FA5026017CA3}.Release|x86.ActiveCfg = Release|Win32
		{35465448-ADF7-44FF-B809-FA5026017CA3}.Release|x86.Build.0 = Release|Win32
	EndGlobalSection
	GlobalSection(SolutionProperties) = preSolution
		HideSolutionNode = FALSE
	EndGlobalSection
	GlobalSection(ExtensibilityGlobals) = postSolution
		SolutionGuid = {BA4900E1-3221-4E96-845F-559EADEB7317}
	EndGlobalSection
EndGlobal
