
Microsoft Visual Studio Solution File, Format Version 12.00
# Visual Studio Version 16
VisualStudioVersion = 16.0.32126.315
MinimumVisualStudioVersion = 10.0.40219.1
Project("{8BC9CEB8-8B4A-11D0-8D11-00A0C91BC942}") = "function67.6", "function67.6\function67.6.vcxproj", "{203AE031-9F2D-4B00-9EDE-38E04A60A1B1}"
EndProject
Global
	GlobalSection(SolutionConfigurationPlatforms) = preSolution
		Debug|x64 = Debug|x64
		Debug|x86 = Debug|x86
		Release|x64 = Release|x64
		Release|x86 = Release|x86
	EndGlobalSection
	GlobalSection(ProjectConfigurationPlatforms) = postSolution
		{203AE031-9F2D-4B00-9EDE-38E04A60A1B1}.Debug|x64.ActiveCfg = Debug|x64
		{203AE031-9F2D-4B00-9EDE-38E04A60A1B1}.Debug|x64.Build.0 = Debug|x64
		{203AE031-9F2D-4B00-9EDE-38E04A60A1B1}.Debug|x86.ActiveCfg = Debug|Win32
		{203AE031-9F2D-4B00-9EDE-38E04A60A1B1}.Debug|x86.Build.0 = Debug|Win32
		{203AE031-9F2D-4B00-9EDE-38E04A60A1B1}.Release|x64.ActiveCfg = Release|x64
		{203AE031-9F2D-4B00-9EDE-38E04A60A1B1}.Release|x64.Build.0 = Release|x64
		{203AE031-9F2D-4B00-9EDE-38E04A60A1B1}.Release|x86.ActiveCfg = Release|Win32
		{203AE031-9F2D-4B00-9EDE-38E04A60A1B1}.Release|x86.Build.0 = Release|Win32
	EndGlobalSection
	GlobalSection(SolutionProperties) = preSolution
		HideSolutionNode = FALSE
	EndGlobalSection
	GlobalSection(ExtensibilityGlobals) = postSolution
		SolutionGuid = {1A89D156-8D17-497C-B0F9-112CC3F093C6}
	EndGlobalSection
EndGlobal
